
Microsoft Visual Studio Solution File, Format Version 12.00
# Visual Studio Version 17
VisualStudioVersion = 17.13.35825.156 d17.13
MinimumVisualStudioVersion = 10.0.40219.1
Project("{FAE04EC0-301F-11D3-BF4B-00C04F79EFBC}") = "todolist original", "todolist original\todolist original.csproj", "{826B3682-8CC9-4ECF-A801-F9AB3A662388}"
EndProject
Global
	GlobalSection(SolutionConfigurationPlatforms) = preSolution
		Debug|Any CPU = Debug|Any CPU
		Release|Any CPU = Release|Any CPU
	EndGlobalSection
	GlobalSection(ProjectConfigurationPlatforms) = postSolution
		{826B3682-8CC9-4ECF-A801-F9AB3A662388}.Debug|Any CPU.ActiveCfg = Debug|Any CPU
		{826B3682-8CC9-4ECF-A801-F9AB3A662388}.Debug|Any CPU.Build.0 = Debug|Any CPU
		{826B3682-8CC9-4ECF-A801-F9AB3A662388}.Release|Any CPU.ActiveCfg = Release|Any CPU
		{826B3682-8CC9-4ECF-A801-F9AB3A662388}.Release|Any CPU.Build.0 = Release|Any CPU
	EndGlobalSection
	GlobalSection(SolutionProperties) = preSolution
		HideSolutionNode = FALSE
	EndGlobalSection
	GlobalSection(ExtensibilityGlobals) = postSolution
		SolutionGuid = {AFA93360-66D5-4C57-A6E7-18C25F6630C5}
	EndGlobalSection
EndGlobal
